
Microsoft Visual Studio Solution File, Format Version 12.00
# Visual Studio Version 17
VisualStudioVersion = 17.13.35806.99
MinimumVisualStudioVersion = 10.0.40219.1
Project("{FAE04EC0-301F-11D3-BF4B-00C04F79EFBC}") = "BethanysPieShop", "BethanysPieShop\BethanysPieShop.csproj", "{94F48F7C-07C3-4557-B7B7-4610334AACFE}"
EndProject
Global
	GlobalSection(SolutionConfigurationPlatforms) = preSolution
		Debug|Any CPU = Debug|Any CPU
		Release|Any CPU = Release|Any CPU
	EndGlobalSection
	GlobalSection(ProjectConfigurationPlatforms) = postSolution
		{94F48F7C-07C3-4557-B7B7-4610334AACFE}.Debug|Any CPU.ActiveCfg = Debug|Any CPU
		{94F48F7C-07C3-4557-B7B7-4610334AACFE}.Debug|Any CPU.Build.0 = Debug|Any CPU
		{94F48F7C-07C3-4557-B7B7-4610334AACFE}.Release|Any CPU.ActiveCfg = Release|Any CPU
		{94F48F7C-07C3-4557-B7B7-4610334AACFE}.Release|Any CPU.Build.0 = Release|Any CPU
	EndGlobalSection
	GlobalSection(SolutionProperties) = preSolution
		HideSolutionNode = FALSE
	EndGlobalSection
	GlobalSection(ExtensibilityGlobals) = postSolution
		SolutionGuid = {BE846BA1-5790-467C-859F-A2BE593792CF}
	EndGlobalSection
EndGlobal
